
Microsoft Visual Studio Solution File, Format Version 12.00
# Visual Studio Version 17
VisualStudioVersion = 17.3.32505.426
MinimumVisualStudioVersion = 10.0.40219.1
Project("{FAE04EC0-301F-11D3-BF4B-00C04F79EFBC}") = "functionalprograms", "functionalprograms\functionalprograms.csproj", "{D355613B-55AA-40ED-AE3C-8ED00E523656}"
EndProject
Global
	GlobalSection(SolutionConfigurationPlatforms) = preSolution
		Debug|Any CPU = Debug|Any CPU
		Release|Any CPU = Release|Any CPU
	EndGlobalSection
	GlobalSection(ProjectConfigurationPlatforms) = postSolution
		{D355613B-55AA-40ED-AE3C-8ED00E523656}.Debug|Any CPU.ActiveCfg = Debug|Any CPU
		{D355613B-55AA-40ED-AE3C-8ED00E523656}.Debug|Any CPU.Build.0 = Debug|Any CPU
		{D355613B-55AA-40ED-AE3C-8ED00E523656}.Release|Any CPU.ActiveCfg = Release|Any CPU
		{D355613B-55AA-40ED-AE3C-8ED00E523656}.Release|Any CPU.Build.0 = Release|Any CPU
	EndGlobalSection
	GlobalSection(SolutionProperties) = preSolution
		HideSolutionNode = FALSE
	EndGlobalSection
	GlobalSection(ExtensibilityGlobals) = postSolution
		SolutionGuid = {FF29C1E7-1872-49CF-A5F4-00317B429062}
	EndGlobalSection
EndGlobal
